// !$*UTF8*$!
{
	archiveVersion = 1;
	classes = {
	};
	objectVersion = 56;
	objects = {

/* Begin PBXBuildFile section */
		21CA278CD7335DD91278141C /* Pods_EmployeeInformationManagement_EmployeeInformationManagementUITests.framework in Frameworks */ = {isa = PBXBuildFile; fileRef = 37C10D74F6016A80BACCAAD2 /* Pods_EmployeeInformationManagement_EmployeeInformationManagementUITests.framework */; };
		3AB06ED3869F09097FA3C155 /* Pods_EmployeeInformationManagement.framework in Frameworks */ = {isa = PBXBuildFile; fileRef = CA1D90F238F937B5C8D2AD6B /* Pods_EmployeeInformationManagement.framework */; };
		AAA7FDF8E9667147E40406AB /* Pods_EmployeeInformationManagementTests.framework in Frameworks */ = {isa = PBXBuildFile; fileRef = 7D0076550AFAC3063774ABCD /* Pods_EmployeeInformationManagementTests.framework */; };
		DD4B711D2A22F42100D228AB /* EmployeeListViewModelTests.swift in Sources */ = {isa = PBXBuildFile; fileRef = DD4B711C2A22F42100D228AB /* EmployeeListViewModelTests.swift */; };
		DD4B711E2A22F5D700D228AB /* EmployeeListViewModel.swift in Sources */ = {isa = PBXBuildFile; fileRef = DD96F4442A20B82100E13303 /* EmployeeListViewModel.swift */; };
		DD4B711F2A22F5DB00D228AB /* ViewModel.swift in Sources */ = {isa = PBXBuildFile; fileRef = DD96F4332A208BD800E13303 /* ViewModel.swift */; };
		DD4B71202A22F5E600D228AB /* EmployeeManager.swift in Sources */ = {isa = PBXBuildFile; fileRef = DD96F44C2A20FE6E00E13303 /* EmployeeManager.swift */; };
		DD4B71212A22FB6300D228AB /* Employee.swift in Sources */ = {isa = PBXBuildFile; fileRef = DD96F43C2A20914900E13303 /* Employee.swift */; };
		DD4B71222A22FB6600D228AB /* Company.swift in Sources */ = {isa = PBXBuildFile; fileRef = DD96F4362A208C6600E13303 /* Company.swift */; };
		DD4B71232A22FC4A00D228AB /* File.swift in Sources */ = {isa = PBXBuildFile; fileRef = DD96F4302A208A3300E13303 /* File.swift */; };
		DD4B71242A22FC4C00D228AB /* DictionaryCodable.swift in Sources */ = {isa = PBXBuildFile; fileRef = DD96F4382A208F9C00E13303 /* DictionaryCodable.swift */; };
		DD4B71252A22FC6400D228AB /* Strings.swift in Sources */ = {isa = PBXBuildFile; fileRef = DD58F48D2A21B1E0003F8139 /* Strings.swift */; };
		DD4B71272A22FDFE00D228AB /* ViewModelTests.swift in Sources */ = {isa = PBXBuildFile; fileRef = DD4B71262A22FDFE00D228AB /* ViewModelTests.swift */; };
		DD4B712B2A23021000D228AB /* EditEmployeeViewModel.swift in Sources */ = {isa = PBXBuildFile; fileRef = DD4B712A2A23021000D228AB /* EditEmployeeViewModel.swift */; };
		DD4B712D2A23039B00D228AB /* EditEmployeeViewModelTests.swift in Sources */ = {isa = PBXBuildFile; fileRef = DD4B712C2A23039B00D228AB /* EditEmployeeViewModelTests.swift */; };
		DD4B712E2A2303BB00D228AB /* EditEmployeeViewModel.swift in Sources */ = {isa = PBXBuildFile; fileRef = DD4B712A2A23021000D228AB /* EditEmployeeViewModel.swift */; };
		DD58F48C2A217F9E003F8139 /* Date+Extension.swift in Sources */ = {isa = PBXBuildFile; fileRef = DD58F48B2A217F9E003F8139 /* Date+Extension.swift */; };
		DD58F48E2A21B1E0003F8139 /* Strings.swift in Sources */ = {isa = PBXBuildFile; fileRef = DD58F48D2A21B1E0003F8139 /* Strings.swift */; };
		DD96F3F82A20797E00E13303 /* AppDelegate.swift in Sources */ = {isa = PBXBuildFile; fileRef = DD96F3F72A20797E00E13303 /* AppDelegate.swift */; };
		DD96F3FA2A20797E00E13303 /* SceneDelegate.swift in Sources */ = {isa = PBXBuildFile; fileRef = DD96F3F92A20797E00E13303 /* SceneDelegate.swift */; };
		DD96F3FC2A20797E00E13303 /* ViewController.swift in Sources */ = {isa = PBXBuildFile; fileRef = DD96F3FB2A20797E00E13303 /* ViewController.swift */; };
		DD96F3FF2A20797E00E13303 /* Main.storyboard in Resources */ = {isa = PBXBuildFile; fileRef = DD96F3FD2A20797E00E13303 /* Main.storyboard */; };
		DD96F4012A20798000E13303 /* Assets.xcassets in Resources */ = {isa = PBXBuildFile; fileRef = DD96F4002A20798000E13303 /* Assets.xcassets */; };
		DD96F4042A20798000E13303 /* LaunchScreen.storyboard in Resources */ = {isa = PBXBuildFile; fileRef = DD96F4022A20798000E13303 /* LaunchScreen.storyboard */; };
		DD96F40F2A20798000E13303 /* EmployeeInformationManagementTests.swift in Sources */ = {isa = PBXBuildFile; fileRef = DD96F40E2A20798000E13303 /* EmployeeInformationManagementTests.swift */; };
		DD96F4192A20798000E13303 /* EmployeeInformationManagementUITests.swift in Sources */ = {isa = PBXBuildFile; fileRef = DD96F4182A20798000E13303 /* EmployeeInformationManagementUITests.swift */; };
		DD96F41B2A20798000E13303 /* EmployeeInformationManagementUITestsLaunchTests.swift in Sources */ = {isa = PBXBuildFile; fileRef = DD96F41A2A20798000E13303 /* EmployeeInformationManagementUITestsLaunchTests.swift */; };
		DD96F4282A207B2B00E13303 /* EmployeeListViewController.swift in Sources */ = {isa = PBXBuildFile; fileRef = DD96F4272A207B2B00E13303 /* EmployeeListViewController.swift */; };
		DD96F42A2A207B3800E13303 /* EditEmployeeViewController.swift in Sources */ = {isa = PBXBuildFile; fileRef = DD96F4292A207B3800E13303 /* EditEmployeeViewController.swift */; };
		DD96F42C2A20884A00E13303 /* company.json in Resources */ = {isa = PBXBuildFile; fileRef = DD96F42B2A20884A00E13303 /* company.json */; };
		DD96F4312A208A3300E13303 /* File.swift in Sources */ = {isa = PBXBuildFile; fileRef = DD96F4302A208A3300E13303 /* File.swift */; };
		DD96F4342A208BD800E13303 /* ViewModel.swift in Sources */ = {isa = PBXBuildFile; fileRef = DD96F4332A208BD800E13303 /* ViewModel.swift */; };
		DD96F4372A208C6600E13303 /* Company.swift in Sources */ = {isa = PBXBuildFile; fileRef = DD96F4362A208C6600E13303 /* Company.swift */; };
		DD96F4392A208F9C00E13303 /* DictionaryCodable.swift in Sources */ = {isa = PBXBuildFile; fileRef = DD96F4382A208F9C00E13303 /* DictionaryCodable.swift */; };
		DD96F43B2A20905F00E13303 /* employee.json in Resources */ = {isa = PBXBuildFile; fileRef = DD96F43A2A20905F00E13303 /* employee.json */; };
		DD96F43D2A20914900E13303 /* Employee.swift in Sources */ = {isa = PBXBuildFile; fileRef = DD96F43C2A20914900E13303 /* Employee.swift */; };
		DD96F43F2A2093E800E13303 /* ViewController+Alert.swift in Sources */ = {isa = PBXBuildFile; fileRef = DD96F43E2A2093E800E13303 /* ViewController+Alert.swift */; };
		DD96F4412A209D7F00E13303 /* Coordinators in Resources */ = {isa = PBXBuildFile; fileRef = DD96F4402A209D7F00E13303 /* Coordinators */; };
		DD96F4432A20A80F00E13303 /* NavigationRouter.swift in Sources */ = {isa = PBXBuildFile; fileRef = DD96F4422A20A80F00E13303 /* NavigationRouter.swift */; };
		DD96F4452A20B82100E13303 /* EmployeeListViewModel.swift in Sources */ = {isa = PBXBuildFile; fileRef = DD96F4442A20B82100E13303 /* EmployeeListViewModel.swift */; };
		DD96F4482A20B94D00E13303 /* EmployeeTableViewCell.swift in Sources */ = {isa = PBXBuildFile; fileRef = DD96F4472A20B94D00E13303 /* EmployeeTableViewCell.swift */; };
		DD96F44A2A20B9A000E13303 /* UITableViewCell+Extensions.swift in Sources */ = {isa = PBXBuildFile; fileRef = DD96F4492A20B9A000E13303 /* UITableViewCell+Extensions.swift */; };
		DD96F44D2A20FE6F00E13303 /* EmployeeManager.swift in Sources */ = {isa = PBXBuildFile; fileRef = DD96F44C2A20FE6E00E13303 /* EmployeeManager.swift */; };
/* End PBXBuildFile section */

/* Begin PBXContainerItemProxy section */
		DD96F40B2A20798000E13303 /* PBXContainerItemProxy */ = {
			isa = PBXContainerItemProxy;
			containerPortal = DD96F3EC2A20797E00E13303 /* Project object */;
			proxyType = 1;
			remoteGlobalIDString = DD96F3F32A20797E00E13303;
			remoteInfo = EmployeeInformationManagement;
		};
		DD96F4152A20798000E13303 /* PBXContainerItemProxy */ = {
			isa = PBXContainerItemProxy;
			containerPortal = DD96F3EC2A20797E00E13303 /* Project object */;
			proxyType = 1;
			remoteGlobalIDString = DD96F3F32A20797E00E13303;
			remoteInfo = EmployeeInformationManagement;
		};
/* End PBXContainerItemProxy section */

/* Begin PBXFileReference section */
		0981419C0209BE9CBE37641F /* Pods-EmployeeInformationManagement.release.xcconfig */ = {isa = PBXFileReference; includeInIndex = 1; lastKnownFileType = text.xcconfig; name = "Pods-EmployeeInformationManagement.release.xcconfig"; path = "Target Support Files/Pods-EmployeeInformationManagement/Pods-EmployeeInformationManagement.release.xcconfig"; sourceTree = "<group>"; };
		37C10D74F6016A80BACCAAD2 /* Pods_EmployeeInformationManagement_EmployeeInformationManagementUITests.framework */ = {isa = PBXFileReference; explicitFileType = wrapper.framework; includeInIndex = 0; path = Pods_EmployeeInformationManagement_EmployeeInformationManagementUITests.framework; sourceTree = BUILT_PRODUCTS_DIR; };
		43FC0F580A448E6C2317C44A /* Pods-EmployeeInformationManagement-EmployeeInformationManagementUITests.release.xcconfig */ = {isa = PBXFileReference; includeInIndex = 1; lastKnownFileType = text.xcconfig; name = "Pods-EmployeeInformationManagement-EmployeeInformationManagementUITests.release.xcconfig"; path = "Target Support Files/Pods-EmployeeInformationManagement-EmployeeInformationManagementUITests/Pods-EmployeeInformationManagement-EmployeeInformationManagementUITests.release.xcconfig"; sourceTree = "<group>"; };
		69C9A8CD1519E867F3384A57 /* Pods-EmployeeInformationManagement.debug.xcconfig */ = {isa = PBXFileReference; includeInIndex = 1; lastKnownFileType = text.xcconfig; name = "Pods-EmployeeInformationManagement.debug.xcconfig"; path = "Target Support Files/Pods-EmployeeInformationManagement/Pods-EmployeeInformationManagement.debug.xcconfig"; sourceTree = "<group>"; };
		7BD663FB23A1ACD1EA5023BB /* Pods-EmployeeInformationManagement-EmployeeInformationManagementUITests.debug.xcconfig */ = {isa = PBXFileReference; includeInIndex = 1; lastKnownFileType = text.xcconfig; name = "Pods-EmployeeInformationManagement-EmployeeInformationManagementUITests.debug.xcconfig"; path = "Target Support Files/Pods-EmployeeInformationManagement-EmployeeInformationManagementUITests/Pods-EmployeeInformationManagement-EmployeeInformationManagementUITests.debug.xcconfig"; sourceTree = "<group>"; };
		7D0076550AFAC3063774ABCD /* Pods_EmployeeInformationManagementTests.framework */ = {isa = PBXFileReference; explicitFileType = wrapper.framework; includeInIndex = 0; path = Pods_EmployeeInformationManagementTests.framework; sourceTree = BUILT_PRODUCTS_DIR; };
		A2049087BB9A0166CE3B2BAA /* Pods-EmployeeInformationManagementTests.debug.xcconfig */ = {isa = PBXFileReference; includeInIndex = 1; lastKnownFileType = text.xcconfig; name = "Pods-EmployeeInformationManagementTests.debug.xcconfig"; path = "Target Support Files/Pods-EmployeeInformationManagementTests/Pods-EmployeeInformationManagementTests.debug.xcconfig"; sourceTree = "<group>"; };
		CA1D90F238F937B5C8D2AD6B /* Pods_EmployeeInformationManagement.framework */ = {isa = PBXFileReference; explicitFileType = wrapper.framework; includeInIndex = 0; path = Pods_EmployeeInformationManagement.framework; sourceTree = BUILT_PRODUCTS_DIR; };
		DC0E9ECD37936FFDCF71C796 /* Pods-EmployeeInformationManagementTests.release.xcconfig */ = {isa = PBXFileReference; includeInIndex = 1; lastKnownFileType = text.xcconfig; name = "Pods-EmployeeInformationManagementTests.release.xcconfig"; path = "Target Support Files/Pods-EmployeeInformationManagementTests/Pods-EmployeeInformationManagementTests.release.xcconfig"; sourceTree = "<group>"; };
		DD4B711C2A22F42100D228AB /* EmployeeListViewModelTests.swift */ = {isa = PBXFileReference; lastKnownFileType = sourcecode.swift; path = EmployeeListViewModelTests.swift; sourceTree = "<group>"; };
		DD4B71262A22FDFE00D228AB /* ViewModelTests.swift */ = {isa = PBXFileReference; lastKnownFileType = sourcecode.swift; path = ViewModelTests.swift; sourceTree = "<group>"; };
		DD4B712A2A23021000D228AB /* EditEmployeeViewModel.swift */ = {isa = PBXFileReference; lastKnownFileType = sourcecode.swift; path = EditEmployeeViewModel.swift; sourceTree = "<group>"; };
		DD4B712C2A23039B00D228AB /* EditEmployeeViewModelTests.swift */ = {isa = PBXFileReference; lastKnownFileType = sourcecode.swift; path = EditEmployeeViewModelTests.swift; sourceTree = "<group>"; };
		DD58F48B2A217F9E003F8139 /* Date+Extension.swift */ = {isa = PBXFileReference; lastKnownFileType = sourcecode.swift; path = "Date+Extension.swift"; sourceTree = "<group>"; };
		DD58F48D2A21B1E0003F8139 /* Strings.swift */ = {isa = PBXFileReference; lastKnownFileType = sourcecode.swift; path = Strings.swift; sourceTree = "<group>"; };
		DD96F3F42A20797E00E13303 /* EmployeeInformationManagement.app */ = {isa = PBXFileReference; explicitFileType = wrapper.application; includeInIndex = 0; path = EmployeeInformationManagement.app; sourceTree = BUILT_PRODUCTS_DIR; };
		DD96F3F72A20797E00E13303 /* AppDelegate.swift */ = {isa = PBXFileReference; lastKnownFileType = sourcecode.swift; path = AppDelegate.swift; sourceTree = "<group>"; };
		DD96F3F92A20797E00E13303 /* SceneDelegate.swift */ = {isa = PBXFileReference; lastKnownFileType = sourcecode.swift; path = SceneDelegate.swift; sourceTree = "<group>"; };
		DD96F3FB2A20797E00E13303 /* ViewController.swift */ = {isa = PBXFileReference; lastKnownFileType = sourcecode.swift; path = ViewController.swift; sourceTree = "<group>"; };
		DD96F3FE2A20797E00E13303 /* Base */ = {isa = PBXFileReference; lastKnownFileType = file.storyboard; name = Base; path = Base.lproj/Main.storyboard; sourceTree = "<group>"; };
		DD96F4002A20798000E13303 /* Assets.xcassets */ = {isa = PBXFileReference; lastKnownFileType = folder.assetcatalog; path = Assets.xcassets; sourceTree = "<group>"; };
		DD96F4032A20798000E13303 /* Base */ = {isa = PBXFileReference; lastKnownFileType = file.storyboard; name = Base; path = Base.lproj/LaunchScreen.storyboard; sourceTree = "<group>"; };
		DD96F4052A20798000E13303 /* Info.plist */ = {isa = PBXFileReference; lastKnownFileType = text.plist.xml; path = Info.plist; sourceTree = "<group>"; };
		DD96F40A2A20798000E13303 /* EmployeeInformationManagementTests.xctest */ = {isa = PBXFileReference; explicitFileType = wrapper.cfbundle; includeInIndex = 0; path = EmployeeInformationManagementTests.xctest; sourceTree = BUILT_PRODUCTS_DIR; };
		DD96F40E2A20798000E13303 /* EmployeeInformationManagementTests.swift */ = {isa = PBXFileReference; lastKnownFileType = sourcecode.swift; path = EmployeeInformationManagementTests.swift; sourceTree = "<group>"; };
		DD96F4142A20798000E13303 /* EmployeeInformationManagementUITests.xctest */ = {isa = PBXFileReference; explicitFileType = wrapper.cfbundle; includeInIndex = 0; path = EmployeeInformationManagementUITests.xctest; sourceTree = BUILT_PRODUCTS_DIR; };
		DD96F4182A20798000E13303 /* EmployeeInformationManagementUITests.swift */ = {isa = PBXFileReference; lastKnownFileType = sourcecode.swift; path = EmployeeInformationManagementUITests.swift; sourceTree = "<group>"; };
		DD96F41A2A20798000E13303 /* EmployeeInformationManagementUITestsLaunchTests.swift */ = {isa = PBXFileReference; lastKnownFileType = sourcecode.swift; path = EmployeeInformationManagementUITestsLaunchTests.swift; sourceTree = "<group>"; };
		DD96F4272A207B2B00E13303 /* EmployeeListViewController.swift */ = {isa = PBXFileReference; lastKnownFileType = sourcecode.swift; path = EmployeeListViewController.swift; sourceTree = "<group>"; };
		DD96F4292A207B3800E13303 /* EditEmployeeViewController.swift */ = {isa = PBXFileReference; lastKnownFileType = sourcecode.swift; path = EditEmployeeViewController.swift; sourceTree = "<group>"; };
		DD96F42B2A20884A00E13303 /* company.json */ = {isa = PBXFileReference; fileEncoding = 4; lastKnownFileType = text.json; path = company.json; sourceTree = "<group>"; };
		DD96F4302A208A3300E13303 /* File.swift */ = {isa = PBXFileReference; lastKnownFileType = sourcecode.swift; path = File.swift; sourceTree = "<group>"; };
		DD96F4332A208BD800E13303 /* ViewModel.swift */ = {isa = PBXFileReference; lastKnownFileType = sourcecode.swift; path = ViewModel.swift; sourceTree = "<group>"; };
		DD96F4362A208C6600E13303 /* Company.swift */ = {isa = PBXFileReference; lastKnownFileType = sourcecode.swift; path = Company.swift; sourceTree = "<group>"; };
		DD96F4382A208F9C00E13303 /* DictionaryCodable.swift */ = {isa = PBXFileReference; lastKnownFileType = sourcecode.swift; path = DictionaryCodable.swift; sourceTree = "<group>"; };
		DD96F43A2A20905F00E13303 /* employee.json */ = {isa = PBXFileReference; fileEncoding = 4; lastKnownFileType = text.json; path = employee.json; sourceTree = "<group>"; };
		DD96F43C2A20914900E13303 /* Employee.swift */ = {isa = PBXFileReference; lastKnownFileType = sourcecode.swift; path = Employee.swift; sourceTree = "<group>"; };
		DD96F43E2A2093E800E13303 /* ViewController+Alert.swift */ = {isa = PBXFileReference; lastKnownFileType = sourcecode.swift; path = "ViewController+Alert.swift"; sourceTree = "<group>"; };
		DD96F4402A209D7F00E13303 /* Coordinators */ = {isa = PBXFileReference; lastKnownFileType = folder; path = Coordinators; sourceTree = "<group>"; };
		DD96F4422A20A80F00E13303 /* NavigationRouter.swift */ = {isa = PBXFileReference; lastKnownFileType = sourcecode.swift; path = NavigationRouter.swift; sourceTree = "<group>"; };
		DD96F4442A20B82100E13303 /* EmployeeListViewModel.swift */ = {isa = PBXFileReference; lastKnownFileType = sourcecode.swift; path = EmployeeListViewModel.swift; sourceTree = "<group>"; };
		DD96F4472A20B94D00E13303 /* EmployeeTableViewCell.swift */ = {isa = PBXFileReference; lastKnownFileType = sourcecode.swift; path = EmployeeTableViewCell.swift; sourceTree = "<group>"; };
		DD96F4492A20B9A000E13303 /* UITableViewCell+Extensions.swift */ = {isa = PBXFileReference; lastKnownFileType = sourcecode.swift; path = "UITableViewCell+Extensions.swift"; sourceTree = "<group>"; };
		DD96F44C2A20FE6E00E13303 /* EmployeeManager.swift */ = {isa = PBXFileReference; lastKnownFileType = sourcecode.swift; path = EmployeeManager.swift; sourceTree = "<group>"; };
/* End PBXFileReference section */

/* Begin PBXFrameworksBuildPhase section */
		DD96F3F12A20797E00E13303 /* Frameworks */ = {
			isa = PBXFrameworksBuildPhase;
			buildActionMask = 2147483647;
			files = (
				3AB06ED3869F09097FA3C155 /* Pods_EmployeeInformationManagement.framework in Frameworks */,
			);
			runOnlyForDeploymentPostprocessing = 0;
		};
		DD96F4072A20798000E13303 /* Frameworks */ = {
			isa = PBXFrameworksBuildPhase;
			buildActionMask = 2147483647;
			files = (
				AAA7FDF8E9667147E40406AB /* Pods_EmployeeInformationManagementTests.framework in Frameworks */,
			);
			runOnlyForDeploymentPostprocessing = 0;
		};
		DD96F4112A20798000E13303 /* Frameworks */ = {
			isa = PBXFrameworksBuildPhase;
			buildActionMask = 2147483647;
			files = (
				21CA278CD7335DD91278141C /* Pods_EmployeeInformationManagement_EmployeeInformationManagementUITests.framework in Frameworks */,
			);
			runOnlyForDeploymentPostprocessing = 0;
		};
/* End PBXFrameworksBuildPhase section */

/* Begin PBXGroup section */
		03252A8B0D8024C5AE84D25A /* Pods */ = {
			isa = PBXGroup;
			children = (
				69C9A8CD1519E867F3384A57 /* Pods-EmployeeInformationManagement.debug.xcconfig */,
				0981419C0209BE9CBE37641F /* Pods-EmployeeInformationManagement.release.xcconfig */,
				7BD663FB23A1ACD1EA5023BB /* Pods-EmployeeInformationManagement-EmployeeInformationManagementUITests.debug.xcconfig */,
				43FC0F580A448E6C2317C44A /* Pods-EmployeeInformationManagement-EmployeeInformationManagementUITests.release.xcconfig */,
				A2049087BB9A0166CE3B2BAA /* Pods-EmployeeInformationManagementTests.debug.xcconfig */,
				DC0E9ECD37936FFDCF71C796 /* Pods-EmployeeInformationManagementTests.release.xcconfig */,
			);
			path = Pods;
			sourceTree = "<group>";
		};
		73269BBD51DFF9B3456474FA /* Frameworks */ = {
			isa = PBXGroup;
			children = (
				CA1D90F238F937B5C8D2AD6B /* Pods_EmployeeInformationManagement.framework */,
				37C10D74F6016A80BACCAAD2 /* Pods_EmployeeInformationManagement_EmployeeInformationManagementUITests.framework */,
				7D0076550AFAC3063774ABCD /* Pods_EmployeeInformationManagementTests.framework */,
			);
			name = Frameworks;
			sourceTree = "<group>";
		};
		DD96F3EB2A20797E00E13303 = {
			isa = PBXGroup;
			children = (
				DD96F3F62A20797E00E13303 /* EmployeeInformationManagement */,
				DD96F40D2A20798000E13303 /* EmployeeInformationManagementTests */,
				DD96F4172A20798000E13303 /* EmployeeInformationManagementUITests */,
				DD96F3F52A20797E00E13303 /* Products */,
				03252A8B0D8024C5AE84D25A /* Pods */,
				73269BBD51DFF9B3456474FA /* Frameworks */,
			);
			sourceTree = "<group>";
		};
		DD96F3F52A20797E00E13303 /* Products */ = {
			isa = PBXGroup;
			children = (
				DD96F3F42A20797E00E13303 /* EmployeeInformationManagement.app */,
				DD96F40A2A20798000E13303 /* EmployeeInformationManagementTests.xctest */,
				DD96F4142A20798000E13303 /* EmployeeInformationManagementUITests.xctest */,
			);
			name = Products;
			sourceTree = "<group>";
		};
		DD96F3F62A20797E00E13303 /* EmployeeInformationManagement */ = {
			isa = PBXGroup;
			children = (
				DD96F3F72A20797E00E13303 /* AppDelegate.swift */,
				DD96F3F92A20797E00E13303 /* SceneDelegate.swift */,
				DD96F44B2A20FDE900E13303 /* Provider */,
				DD96F42F2A208A0C00E13303 /* Services */,
				DD96F4352A208C4600E13303 /* Model */,
				DD96F4462A20B92E00E13303 /* View */,
				DD96F4322A208AB000E13303 /* ViewModel */,
				DD96F42E2A2089F100E13303 /* ViewController */,
				DD96F42D2A20886C00E13303 /* Assets */,
				DD96F3FD2A20797E00E13303 /* Main.storyboard */,
				DD96F4002A20798000E13303 /* Assets.xcassets */,
				DD96F4022A20798000E13303 /* LaunchScreen.storyboard */,
				DD96F4052A20798000E13303 /* Info.plist */,
			);
			path = EmployeeInformationManagement;
			sourceTree = "<group>";
		};
		DD96F40D2A20798000E13303 /* EmployeeInformationManagementTests */ = {
			isa = PBXGroup;
			children = (
				DD96F40E2A20798000E13303 /* EmployeeInformationManagementTests.swift */,
				DD4B711C2A22F42100D228AB /* EmployeeListViewModelTests.swift */,
				DD4B71262A22FDFE00D228AB /* ViewModelTests.swift */,
				DD4B712C2A23039B00D228AB /* EditEmployeeViewModelTests.swift */,
			);
			path = EmployeeInformationManagementTests;
			sourceTree = "<group>";
		};
		DD96F4172A20798000E13303 /* EmployeeInformationManagementUITests */ = {
			isa = PBXGroup;
			children = (
				DD96F4182A20798000E13303 /* EmployeeInformationManagementUITests.swift */,
				DD96F41A2A20798000E13303 /* EmployeeInformationManagementUITestsLaunchTests.swift */,
			);
			path = EmployeeInformationManagementUITests;
			sourceTree = "<group>";
		};
		DD96F42D2A20886C00E13303 /* Assets */ = {
			isa = PBXGroup;
			children = (
				DD96F42B2A20884A00E13303 /* company.json */,
				DD96F43A2A20905F00E13303 /* employee.json */,
			);
			path = Assets;
			sourceTree = "<group>";
		};
		DD96F42E2A2089F100E13303 /* ViewController */ = {
			isa = PBXGroup;
			children = (
				DD96F3FB2A20797E00E13303 /* ViewController.swift */,
				DD96F4272A207B2B00E13303 /* EmployeeListViewController.swift */,
				DD96F4292A207B3800E13303 /* EditEmployeeViewController.swift */,
			);
			path = ViewController;
			sourceTree = "<group>";
		};
		DD96F42F2A208A0C00E13303 /* Services */ = {
			isa = PBXGroup;
			children = (
				DD96F4302A208A3300E13303 /* File.swift */,
				DD96F4382A208F9C00E13303 /* DictionaryCodable.swift */,
				DD96F43E2A2093E800E13303 /* ViewController+Alert.swift */,
				DD96F4492A20B9A000E13303 /* UITableViewCell+Extensions.swift */,
				DD96F4422A20A80F00E13303 /* NavigationRouter.swift */,
				DD58F48B2A217F9E003F8139 /* Date+Extension.swift */,
				DD58F48D2A21B1E0003F8139 /* Strings.swift */,
				DD96F4402A209D7F00E13303 /* Coordinators */,
			);
			path = Services;
			sourceTree = "<group>";
		};
		DD96F4322A208AB000E13303 /* ViewModel */ = {
			isa = PBXGroup;
			children = (
				DD96F4332A208BD800E13303 /* ViewModel.swift */,
				DD96F4442A20B82100E13303 /* EmployeeListViewModel.swift */,
				DD4B712A2A23021000D228AB /* EditEmployeeViewModel.swift */,
			);
			path = ViewModel;
			sourceTree = "<group>";
		};
		DD96F4352A208C4600E13303 /* Model */ = {
			isa = PBXGroup;
			children = (
				DD96F4362A208C6600E13303 /* Company.swift */,
				DD96F43C2A20914900E13303 /* Employee.swift */,
			);
			path = Model;
			sourceTree = "<group>";
		};
		DD96F4462A20B92E00E13303 /* View */ = {
			isa = PBXGroup;
			children = (
				DD96F4472A20B94D00E13303 /* EmployeeTableViewCell.swift */,
			);
			path = View;
			sourceTree = "<group>";
		};
		DD96F44B2A20FDE900E13303 /* Provider */ = {
			isa = PBXGroup;
			children = (
				DD96F44C2A20FE6E00E13303 /* EmployeeManager.swift */,
			);
			path = Provider;
			sourceTree = "<group>";
		};
/* End PBXGroup section */

/* Begin PBXNativeTarget section */
		DD96F3F32A20797E00E13303 /* EmployeeInformationManagement */ = {
			isa = PBXNativeTarget;
			buildConfigurationList = DD96F41E2A20798000E13303 /* Build configuration list for PBXNativeTarget "EmployeeInformationManagement" */;
			buildPhases = (
				599F28B6D68630A8783B0F13 /* [CP] Check Pods Manifest.lock */,
				DD96F3F02A20797E00E13303 /* Sources */,
				DD96F3F12A20797E00E13303 /* Frameworks */,
				DD96F3F22A20797E00E13303 /* Resources */,
				E82916AA50D29FABB5BF8CFB /* [CP] Embed Pods Frameworks */,
			);
			buildRules = (
			);
			dependencies = (
			);
			name = EmployeeInformationManagement;
			productName = EmployeeInformationManagement;
			productReference = DD96F3F42A20797E00E13303 /* EmployeeInformationManagement.app */;
			productType = "com.apple.product-type.application";
		};
		DD96F4092A20798000E13303 /* EmployeeInformationManagementTests */ = {
			isa = PBXNativeTarget;
			buildConfigurationList = DD96F4212A20798000E13303 /* Build configuration list for PBXNativeTarget "EmployeeInformationManagementTests" */;
			buildPhases = (
				3418C4ABA6D026B12D984372 /* [CP] Check Pods Manifest.lock */,
				DD96F4062A20798000E13303 /* Sources */,
				DD96F4072A20798000E13303 /* Frameworks */,
				DD96F4082A20798000E13303 /* Resources */,
			);
			buildRules = (
			);
			dependencies = (
				DD96F40C2A20798000E13303 /* PBXTargetDependency */,
			);
			name = EmployeeInformationManagementTests;
			productName = EmployeeInformationManagementTests;
			productReference = DD96F40A2A20798000E13303 /* EmployeeInformationManagementTests.xctest */;
			productType = "com.apple.product-type.bundle.unit-test";
		};
		DD96F4132A20798000E13303 /* EmployeeInformationManagementUITests */ = {
			isa = PBXNativeTarget;
			buildConfigurationList = DD96F4242A20798000E13303 /* Build configuration list for PBXNativeTarget "EmployeeInformationManagementUITests" */;
			buildPhases = (
				24FD66A65A9A1516192B93BA /* [CP] Check Pods Manifest.lock */,
				DD96F4102A20798000E13303 /* Sources */,
				DD96F4112A20798000E13303 /* Frameworks */,
				DD96F4122A20798000E13303 /* Resources */,
				649C7B907F4FCAB3102A6EEB /* [CP] Embed Pods Frameworks */,
			);
			buildRules = (
			);
			dependencies = (
				DD96F4162A20798000E13303 /* PBXTargetDependency */,
			);
			name = EmployeeInformationManagementUITests;
			productName = EmployeeInformationManagementUITests;
			productReference = DD96F4142A20798000E13303 /* EmployeeInformationManagementUITests.xctest */;
			productType = "com.apple.product-type.bundle.ui-testing";
		};
/* End PBXNativeTarget section */

/* Begin PBXProject section */
		DD96F3EC2A20797E00E13303 /* Project object */ = {
			isa = PBXProject;
			attributes = {
				BuildIndependentTargetsInParallel = 1;
				LastSwiftUpdateCheck = 1410;
				LastUpgradeCheck = 1410;
				TargetAttributes = {
					DD96F3F32A20797E00E13303 = {
						CreatedOnToolsVersion = 14.1;
					};
					DD96F4092A20798000E13303 = {
						CreatedOnToolsVersion = 14.1;
						TestTargetID = DD96F3F32A20797E00E13303;
					};
					DD96F4132A20798000E13303 = {
						CreatedOnToolsVersion = 14.1;
						TestTargetID = DD96F3F32A20797E00E13303;
					};
				};
			};
			buildConfigurationList = DD96F3EF2A20797E00E13303 /* Build configuration list for PBXProject "EmployeeInformationManagement" */;
			compatibilityVersion = "Xcode 14.0";
			developmentRegion = en;
			hasScannedForEncodings = 0;
			knownRegions = (
				en,
				Base,
			);
			mainGroup = DD96F3EB2A20797E00E13303;
			productRefGroup = DD96F3F52A20797E00E13303 /* Products */;
			projectDirPath = "";
			projectRoot = "";
			targets = (
				DD96F3F32A20797E00E13303 /* EmployeeInformationManagement */,
				DD96F4092A20798000E13303 /* EmployeeInformationManagementTests */,
				DD96F4132A20798000E13303 /* EmployeeInformationManagementUITests */,
			);
		};
/* End PBXProject section */

/* Begin PBXResourcesBuildPhase section */
		DD96F3F22A20797E00E13303 /* Resources */ = {
			isa = PBXResourcesBuildPhase;
			buildActionMask = 2147483647;
			files = (
				DD96F4042A20798000E13303 /* LaunchScreen.storyboard in Resources */,
				DD96F4012A20798000E13303 /* Assets.xcassets in Resources */,
				DD96F3FF2A20797E00E13303 /* Main.storyboard in Resources */,
				DD96F42C2A20884A00E13303 /* company.json in Resources */,
				DD96F43B2A20905F00E13303 /* employee.json in Resources */,
				DD96F4412A209D7F00E13303 /* Coordinators in Resources */,
			);
			runOnlyForDeploymentPostprocessing = 0;
		};
		DD96F4082A20798000E13303 /* Resources */ = {
			isa = PBXResourcesBuildPhase;
			buildActionMask = 2147483647;
			files = (
			);
			runOnlyForDeploymentPostprocessing = 0;
		};
		DD96F4122A20798000E13303 /* Resources */ = {
			isa = PBXResourcesBuildPhase;
			buildActionMask = 2147483647;
			files = (
			);
			runOnlyForDeploymentPostprocessing = 0;
		};
/* End PBXResourcesBuildPhase section */

/* Begin PBXShellScriptBuildPhase section */
		24FD66A65A9A1516192B93BA /* [CP] Check Pods Manifest.lock */ = {
			isa = PBXShellScriptBuildPhase;
			buildActionMask = 2147483647;
			files = (
			);
			inputFileListPaths = (
			);
			inputPaths = (
				"${PODS_PODFILE_DIR_PATH}/Podfile.lock",
				"${PODS_ROOT}/Manifest.lock",
			);
			name = "[CP] Check Pods Manifest.lock";
			outputFileListPaths = (
			);
			outputPaths = (
				"$(DERIVED_FILE_DIR)/Pods-EmployeeInformationManagement-EmployeeInformationManagementUITests-checkManifestLockResult.txt",
			);
			runOnlyForDeploymentPostprocessing = 0;
			shellPath = /bin/sh;
			shellScript = "diff \"${PODS_PODFILE_DIR_PATH}/Podfile.lock\" \"${PODS_ROOT}/Manifest.lock\" > /dev/null\nif [ $? != 0 ] ; then\n    # print error to STDERR\n    echo \"error: The sandbox is not in sync with the Podfile.lock. Run 'pod install' or update your CocoaPods installation.\" >&2\n    exit 1\nfi\n# This output is used by Xcode 'outputs' to avoid re-running this script phase.\necho \"SUCCESS\" > \"${SCRIPT_OUTPUT_FILE_0}\"\n";
			showEnvVarsInLog = 0;
		};
		3418C4ABA6D026B12D984372 /* [CP] Check Pods Manifest.lock */ = {
			isa = PBXShellScriptBuildPhase;
			buildActionMask = 2147483647;
			files = (
			);
			inputFileListPaths = (
			);
			inputPaths = (
				"${PODS_PODFILE_DIR_PATH}/Podfile.lock",
				"${PODS_ROOT}/Manifest.lock",
			);
			name = "[CP] Check Pods Manifest.lock";
			outputFileListPaths = (
			);
			outputPaths = (
				"$(DERIVED_FILE_DIR)/Pods-EmployeeInformationManagementTests-checkManifestLockResult.txt",
			);
			runOnlyForDeploymentPostprocessing = 0;
			shellPath = /bin/sh;
			shellScript = "diff \"${PODS_PODFILE_DIR_PATH}/Podfile.lock\" \"${PODS_ROOT}/Manifest.lock\" > /dev/null\nif [ $? != 0 ] ; then\n    # print error to STDERR\n    echo \"error: The sandbox is not in sync with the Podfile.lock. Run 'pod install' or update your CocoaPods installation.\" >&2\n    exit 1\nfi\n# This output is used by Xcode 'outputs' to avoid re-running this script phase.\necho \"SUCCESS\" > \"${SCRIPT_OUTPUT_FILE_0}\"\n";
			showEnvVarsInLog = 0;
		};
		599F28B6D68630A8783B0F13 /* [CP] Check Pods Manifest.lock */ = {
			isa = PBXShellScriptBuildPhase;
			buildActionMask = 2147483647;
			files = (
			);
			inputFileListPaths = (
			);
			inputPaths = (
				"${PODS_PODFILE_DIR_PATH}/Podfile.lock",
				"${PODS_ROOT}/Manifest.lock",
			);
			name = "[CP] Check Pods Manifest.lock";
			outputFileListPaths = (
			);
			outputPaths = (
				"$(DERIVED_FILE_DIR)/Pods-EmployeeInformationManagement-checkManifestLockResult.txt",
			);
			runOnlyForDeploymentPostprocessing = 0;
			shellPath = /bin/sh;
			shellScript = "diff \"${PODS_PODFILE_DIR_PATH}/Podfile.lock\" \"${PODS_ROOT}/Manifest.lock\" > /dev/null\nif [ $? != 0 ] ; then\n    # print error to STDERR\n    echo \"error: The sandbox is not in sync with the Podfile.lock. Run 'pod install' or update your CocoaPods installation.\" >&2\n    exit 1\nfi\n# This output is used by Xcode 'outputs' to avoid re-running this script phase.\necho \"SUCCESS\" > \"${SCRIPT_OUTPUT_FILE_0}\"\n";
			showEnvVarsInLog = 0;
		};
		649C7B907F4FCAB3102A6EEB /* [CP] Embed Pods Frameworks */ = {
			isa = PBXShellScriptBuildPhase;
			buildActionMask = 2147483647;
			files = (
			);
			inputFileListPaths = (
				"${PODS_ROOT}/Target Support Files/Pods-EmployeeInformationManagement-EmployeeInformationManagementUITests/Pods-EmployeeInformationManagement-EmployeeInformationManagementUITests-frameworks-${CONFIGURATION}-input-files.xcfilelist",
			);
			name = "[CP] Embed Pods Frameworks";
			outputFileListPaths = (
				"${PODS_ROOT}/Target Support Files/Pods-EmployeeInformationManagement-EmployeeInformationManagementUITests/Pods-EmployeeInformationManagement-EmployeeInformationManagementUITests-frameworks-${CONFIGURATION}-output-files.xcfilelist",
			);
			runOnlyForDeploymentPostprocessing = 0;
			shellPath = /bin/sh;
			shellScript = "\"${PODS_ROOT}/Target Support Files/Pods-EmployeeInformationManagement-EmployeeInformationManagementUITests/Pods-EmployeeInformationManagement-EmployeeInformationManagementUITests-frameworks.sh\"\n";
			showEnvVarsInLog = 0;
		};
		E82916AA50D29FABB5BF8CFB /* [CP] Embed Pods Frameworks */ = {
			isa = PBXShellScriptBuildPhase;
			buildActionMask = 2147483647;
			files = (
			);
			inputFileListPaths = (
				"${PODS_ROOT}/Target Support Files/Pods-EmployeeInformationManagement/Pods-EmployeeInformationManagement-frameworks-${CONFIGURATION}-input-files.xcfilelist",
			);
			name = "[CP] Embed Pods Frameworks";
			outputFileListPaths = (
				"${PODS_ROOT}/Target Support Files/Pods-EmployeeInformationManagement/Pods-EmployeeInformationManagement-frameworks-${CONFIGURATION}-output-files.xcfilelist",
			);
			runOnlyForDeploymentPostprocessing = 0;
			shellPath = /bin/sh;
			shellScript = "\"${PODS_ROOT}/Target Support Files/Pods-EmployeeInformationManagement/Pods-EmployeeInformationManagement-frameworks.sh\"\n";
			showEnvVarsInLog = 0;
		};
/* End PBXShellScriptBuildPhase section */

/* Begin PBXSourcesBuildPhase section */
		DD96F3F02A20797E00E13303 /* Sources */ = {
			isa = PBXSourcesBuildPhase;
			buildActionMask = 2147483647;
			files = (
				DD96F4282A207B2B00E13303 /* EmployeeListViewController.swift in Sources */,
				DD96F4482A20B94D00E13303 /* EmployeeTableViewCell.swift in Sources */,
				DD96F4312A208A3300E13303 /* File.swift in Sources */,
				DD96F4432A20A80F00E13303 /* NavigationRouter.swift in Sources */,
				DD96F42A2A207B3800E13303 /* EditEmployeeViewController.swift in Sources */,
				DD96F4452A20B82100E13303 /* EmployeeListViewModel.swift in Sources */,
				DD4B712B2A23021000D228AB /* EditEmployeeViewModel.swift in Sources */,
				DD96F43D2A20914900E13303 /* Employee.swift in Sources */,
				DD96F4392A208F9C00E13303 /* DictionaryCodable.swift in Sources */,
				DD96F44A2A20B9A000E13303 /* UITableViewCell+Extensions.swift in Sources */,
				DD58F48C2A217F9E003F8139 /* Date+Extension.swift in Sources */,
				DD58F48E2A21B1E0003F8139 /* Strings.swift in Sources */,
				DD96F3FC2A20797E00E13303 /* ViewController.swift in Sources */,
				DD96F43F2A2093E800E13303 /* ViewController+Alert.swift in Sources */,
				DD96F3F82A20797E00E13303 /* AppDelegate.swift in Sources */,
				DD96F44D2A20FE6F00E13303 /* EmployeeManager.swift in Sources */,
				DD96F3FA2A20797E00E13303 /* SceneDelegate.swift in Sources */,
				DD96F4342A208BD800E13303 /* ViewModel.swift in Sources */,
				DD96F4372A208C6600E13303 /* Company.swift in Sources */,
			);
			runOnlyForDeploymentPostprocessing = 0;
		};
		DD96F4062A20798000E13303 /* Sources */ = {
			isa = PBXSourcesBuildPhase;
			buildActionMask = 2147483647;
			files = (
				DD4B711D2A22F42100D228AB /* EmployeeListViewModelTests.swift in Sources */,
				DD4B71212A22FB6300D228AB /* Employee.swift in Sources */,
				DD4B71252A22FC6400D228AB /* Strings.swift in Sources */,
				DD4B711E2A22F5D700D228AB /* EmployeeListViewModel.swift in Sources */,
				DD4B71242A22FC4C00D228AB /* DictionaryCodable.swift in Sources */,
				DD4B71272A22FDFE00D228AB /* ViewModelTests.swift in Sources */,
				DD4B712E2A2303BB00D228AB /* EditEmployeeViewModel.swift in Sources */,
				DD4B711F2A22F5DB00D228AB /* ViewModel.swift in Sources */,
				DD4B71222A22FB6600D228AB /* Company.swift in Sources */,
				DD4B712D2A23039B00D228AB /* EditEmployeeViewModelTests.swift in Sources */,
				DD4B71232A22FC4A00D228AB /* File.swift in Sources */,
				DD4B71202A22F5E600D228AB /* EmployeeManager.swift in Sources */,
				DD96F40F2A20798000E13303 /* EmployeeInformationManagementTests.swift in Sources */,
			);
			runOnlyForDeploymentPostprocessing = 0;
		};
		DD96F4102A20798000E13303 /* Sources */ = {
			isa = PBXSourcesBuildPhase;
			buildActionMask = 2147483647;
			files = (
				DD96F41B2A20798000E13303 /* EmployeeInformationManagementUITestsLaunchTests.swift in Sources */,
				DD96F4192A20798000E13303 /* EmployeeInformationManagementUITests.swift in Sources */,
			);
			runOnlyForDeploymentPostprocessing = 0;
		};
/* End PBXSourcesBuildPhase section */

/* Begin PBXTargetDependency section */
		DD96F40C2A20798000E13303 /* PBXTargetDependency */ = {
			isa = PBXTargetDependency;
			target = DD96F3F32A20797E00E13303 /* EmployeeInformationManagement */;
			targetProxy = DD96F40B2A20798000E13303 /* PBXContainerItemProxy */;
		};
		DD96F4162A20798000E13303 /* PBXTargetDependency */ = {
			isa = PBXTargetDependency;
			target = DD96F3F32A20797E00E13303 /* EmployeeInformationManagement */;
			targetProxy = DD96F4152A20798000E13303 /* PBXContainerItemProxy */;
		};
/* End PBXTargetDependency section */

/* Begin PBXVariantGroup section */
		DD96F3FD2A20797E00E13303 /* Main.storyboard */ = {
			isa = PBXVariantGroup;
			children = (
				DD96F3FE2A20797E00E13303 /* Base */,
			);
			name = Main.storyboard;
			sourceTree = "<group>";
		};
		DD96F4022A20798000E13303 /* LaunchScreen.storyboard */ = {
			isa = PBXVariantGroup;
			children = (
				DD96F4032A20798000E13303 /* Base */,
			);
			name = LaunchScreen.storyboard;
			sourceTree = "<group>";
		};
/* End PBXVariantGroup section */

/* Begin XCBuildConfiguration section */
		DD96F41C2A20798000E13303 /* Debug */ = {
			isa = XCBuildConfiguration;
			buildSettings = {
				ALWAYS_SEARCH_USER_PATHS = NO;
				CLANG_ANALYZER_NONNULL = YES;
				CLANG_ANALYZER_NUMBER_OBJECT_CONVERSION = YES_AGGRESSIVE;
				CLANG_CXX_LANGUAGE_STANDARD = "gnu++20";
				CLANG_ENABLE_MODULES = YES;
				CLANG_ENABLE_OBJC_ARC = YES;
				CLANG_ENABLE_OBJC_WEAK = YES;
				CLANG_WARN_BLOCK_CAPTURE_AUTORELEASING = YES;
				CLANG_WARN_BOOL_CONVERSION = YES;
				CLANG_WARN_COMMA = YES;
				CLANG_WARN_CONSTANT_CONVERSION = YES;
				CLANG_WARN_DEPRECATED_OBJC_IMPLEMENTATIONS = YES;
				CLANG_WARN_DIRECT_OBJC_ISA_USAGE = YES_ERROR;
				CLANG_WARN_DOCUMENTATION_COMMENTS = YES;
				CLANG_WARN_EMPTY_BODY = YES;
				CLANG_WARN_ENUM_CONVERSION = YES;
				CLANG_WARN_INFINITE_RECURSION = YES;
				CLANG_WARN_INT_CONVERSION = YES;
				CLANG_WARN_NON_LITERAL_NULL_CONVERSION = YES;
				CLANG_WARN_OBJC_IMPLICIT_RETAIN_SELF = YES;
				CLANG_WARN_OBJC_LITERAL_CONVERSION = YES;
				CLANG_WARN_OBJC_ROOT_CLASS = YES_ERROR;
				CLANG_WARN_QUOTED_INCLUDE_IN_FRAMEWORK_HEADER = YES;
				CLANG_WARN_RANGE_LOOP_ANALYSIS = YES;
				CLANG_WARN_STRICT_PROTOTYPES = YES;
				CLANG_WARN_SUSPICIOUS_MOVE = YES;
				CLANG_WARN_UNGUARDED_AVAILABILITY = YES_AGGRESSIVE;
				CLANG_WARN_UNREACHABLE_CODE = YES;
				CLANG_WARN__DUPLICATE_METHOD_MATCH = YES;
				COPY_PHASE_STRIP = NO;
				DEBUG_INFORMATION_FORMAT = dwarf;
				ENABLE_STRICT_OBJC_MSGSEND = YES;
				ENABLE_TESTABILITY = YES;
				GCC_C_LANGUAGE_STANDARD = gnu11;
				GCC_DYNAMIC_NO_PIC = NO;
				GCC_NO_COMMON_BLOCKS = YES;
				GCC_OPTIMIZATION_LEVEL = 0;
				GCC_PREPROCESSOR_DEFINITIONS = (
					"DEBUG=1",
					"$(inherited)",
				);
				GCC_WARN_64_TO_32_BIT_CONVERSION = YES;
				GCC_WARN_ABOUT_RETURN_TYPE = YES_ERROR;
				GCC_WARN_UNDECLARED_SELECTOR = YES;
				GCC_WARN_UNINITIALIZED_AUTOS = YES_AGGRESSIVE;
				GCC_WARN_UNUSED_FUNCTION = YES;
				GCC_WARN_UNUSED_VARIABLE = YES;
				IPHONEOS_DEPLOYMENT_TARGET = 16.1;
				MTL_ENABLE_DEBUG_INFO = INCLUDE_SOURCE;
				MTL_FAST_MATH = YES;
				ONLY_ACTIVE_ARCH = YES;
				SDKROOT = iphoneos;
				SWIFT_ACTIVE_COMPILATION_CONDITIONS = DEBUG;
				SWIFT_OPTIMIZATION_LEVEL = "-Onone";
			};
			name = Debug;
		};
		DD96F41D2A20798000E13303 /* Release */ = {
			isa = XCBuildConfiguration;
			buildSettings = {
				ALWAYS_SEARCH_USER_PATHS = NO;
				CLANG_ANALYZER_NONNULL = YES;
				CLANG_ANALYZER_NUMBER_OBJECT_CONVERSION = YES_AGGRESSIVE;
				CLANG_CXX_LANGUAGE_STANDARD = "gnu++20";
				CLANG_ENABLE_MODULES = YES;
				CLANG_ENABLE_OBJC_ARC = YES;
				CLANG_ENABLE_OBJC_WEAK = YES;
				CLANG_WARN_BLOCK_CAPTURE_AUTORELEASING = YES;
				CLANG_WARN_BOOL_CONVERSION = YES;
				CLANG_WARN_COMMA = YES;
				CLANG_WARN_CONSTANT_CONVERSION = YES;
				CLANG_WARN_DEPRECATED_OBJC_IMPLEMENTATIONS = YES;
				CLANG_WARN_DIRECT_OBJC_ISA_USAGE = YES_ERROR;
				CLANG_WARN_DOCUMENTATION_COMMENTS = YES;
				CLANG_WARN_EMPTY_BODY = YES;
				CLANG_WARN_ENUM_CONVERSION = YES;
				CLANG_WARN_INFINITE_RECURSION = YES;
				CLANG_WARN_INT_CONVERSION = YES;
				CLANG_WARN_NON_LITERAL_NULL_CONVERSION = YES;
				CLANG_WARN_OBJC_IMPLICIT_RETAIN_SELF = YES;
				CLANG_WARN_OBJC_LITERAL_CONVERSION = YES;
				CLANG_WARN_OBJC_ROOT_CLASS = YES_ERROR;
				CLANG_WARN_QUOTED_INCLUDE_IN_FRAMEWORK_HEADER = YES;
				CLANG_WARN_RANGE_LOOP_ANALYSIS = YES;
				CLANG_WARN_STRICT_PROTOTYPES = YES;
				CLANG_WARN_SUSPICIOUS_MOVE = YES;
				CLANG_WARN_UNGUARDED_AVAILABILITY = YES_AGGRESSIVE;
				CLANG_WARN_UNREACHABLE_CODE = YES;
				CLANG_WARN__DUPLICATE_METHOD_MATCH = YES;
				COPY_PHASE_STRIP = NO;
				DEBUG_INFORMATION_FORMAT = "dwarf-with-dsym";
				ENABLE_NS_ASSERTIONS = NO;
				ENABLE_STRICT_OBJC_MSGSEND = YES;
				GCC_C_LANGUAGE_STANDARD = gnu11;
				GCC_NO_COMMON_BLOCKS = YES;
				GCC_WARN_64_TO_32_BIT_CONVERSION = YES;
				GCC_WARN_ABOUT_RETURN_TYPE = YES_ERROR;
				GCC_WARN_UNDECLARED_SELECTOR = YES;
				GCC_WARN_UNINITIALIZED_AUTOS = YES_AGGRESSIVE;
				GCC_WARN_UNUSED_FUNCTION = YES;
				GCC_WARN_UNUSED_VARIABLE = YES;
				IPHONEOS_DEPLOYMENT_TARGET = 16.1;
				MTL_ENABLE_DEBUG_INFO = NO;
				MTL_FAST_MATH = YES;
				SDKROOT = iphoneos;
				SWIFT_COMPILATION_MODE = wholemodule;
				SWIFT_OPTIMIZATION_LEVEL = "-O";
				VALIDATE_PRODUCT = YES;
			};
			name = Release;
		};
		DD96F41F2A20798000E13303 /* Debug */ = {
			isa = XCBuildConfiguration;
			baseConfigurationReference = 69C9A8CD1519E867F3384A57 /* Pods-EmployeeInformationManagement.debug.xcconfig */;
			buildSettings = {
				ASSETCATALOG_COMPILER_APPICON_NAME = AppIcon;
				ASSETCATALOG_COMPILER_GLOBAL_ACCENT_COLOR_NAME = AccentColor;
				CODE_SIGN_STYLE = Automatic;
				CURRENT_PROJECT_VERSION = 1;
				DEVELOPMENT_TEAM = 95R956M9Y7;
				GENERATE_INFOPLIST_FILE = YES;
				INFOPLIST_FILE = EmployeeInformationManagement/Info.plist;
				INFOPLIST_KEY_UIApplicationSupportsIndirectInputEvents = YES;
				INFOPLIST_KEY_UILaunchStoryboardName = LaunchScreen;
				INFOPLIST_KEY_UIMainStoryboardFile = Main;
				INFOPLIST_KEY_UISupportedInterfaceOrientations_iPad = "UIInterfaceOrientationPortrait UIInterfaceOrientationPortraitUpsideDown UIInterfaceOrientationLandscapeLeft UIInterfaceOrientationLandscapeRight";
				INFOPLIST_KEY_UISupportedInterfaceOrientations_iPhone = "UIInterfaceOrientationPortrait UIInterfaceOrientationLandscapeLeft UIInterfaceOrientationLandscapeRight";
				LD_RUNPATH_SEARCH_PATHS = (
					"$(inherited)",
					"@executable_path/Frameworks",
				);
				MARKETING_VERSION = 1.0;
				PRODUCT_BUNDLE_IDENTIFIER = com.sample.EmployeeInformationManagement;
				PRODUCT_NAME = "$(TARGET_NAME)";
				SWIFT_EMIT_LOC_STRINGS = YES;
				SWIFT_VERSION = 5.0;
				TARGETED_DEVICE_FAMILY = "1,2";
			};
			name = Debug;
		};
		DD96F4202A20798000E13303 /* Release */ = {
			isa = XCBuildConfiguration;
			baseConfigurationReference = 0981419C0209BE9CBE37641F /* Pods-EmployeeInformationManagement.release.xcconfig */;
			buildSettings = {
				ASSETCATALOG_COMPILER_APPICON_NAME = AppIcon;
				ASSETCATALOG_COMPILER_GLOBAL_ACCENT_COLOR_NAME = AccentColor;
				CODE_SIGN_STYLE = Automatic;
				CURRENT_PROJECT_VERSION = 1;
				DEVELOPMENT_TEAM = 95R956M9Y7;
				GENERATE_INFOPLIST_FILE = YES;
				INFOPLIST_FILE = EmployeeInformationManagement/Info.plist;
				INFOPLIST_KEY_UIApplicationSupportsIndirectInputEvents = YES;
				INFOPLIST_KEY_UILaunchStoryboardName = LaunchScreen;
				INFOPLIST_KEY_UIMainStoryboardFile = Main;
				INFOPLIST_KEY_UISupportedInterfaceOrientations_iPad = "UIInterfaceOrientationPortrait UIInterfaceOrientationPortraitUpsideDown UIInterfaceOrientationLandscapeLeft UIInterfaceOrientationLandscapeRight";
				INFOPLIST_KEY_UISupportedInterfaceOrientations_iPhone = "UIInterfaceOrientationPortrait UIInterfaceOrientationLandscapeLeft UIInterfaceOrientationLandscapeRight";
				LD_RUNPATH_SEARCH_PATHS = (
					"$(inherited)",
					"@executable_path/Frameworks",
				);
				MARKETING_VERSION = 1.0;
				PRODUCT_BUNDLE_IDENTIFIER = com.sample.EmployeeInformationManagement;
				PRODUCT_NAME = "$(TARGET_NAME)";
				SWIFT_EMIT_LOC_STRINGS = YES;
				SWIFT_VERSION = 5.0;
				TARGETED_DEVICE_FAMILY = "1,2";
			};
			name = Release;
		};
		DD96F4222A20798000E13303 /* Debug */ = {
			isa = XCBuildConfiguration;
			baseConfigurationReference = A2049087BB9A0166CE3B2BAA /* Pods-EmployeeInformationManagementTests.debug.xcconfig */;
			buildSettings = {
				ALWAYS_EMBED_SWIFT_STANDARD_LIBRARIES = YES;
				BUNDLE_LOADER = "$(TEST_HOST)";
				CODE_SIGN_STYLE = Automatic;
				CURRENT_PROJECT_VERSION = 1;
				DEVELOPMENT_TEAM = 95R956M9Y7;
				GENERATE_INFOPLIST_FILE = YES;
				IPHONEOS_DEPLOYMENT_TARGET = 16.1;
				MARKETING_VERSION = 1.0;
				PRODUCT_BUNDLE_IDENTIFIER = com.sample.EmployeeInformationManagementTests;
				PRODUCT_NAME = "$(TARGET_NAME)";
				SWIFT_EMIT_LOC_STRINGS = NO;
				SWIFT_VERSION = 5.0;
				TARGETED_DEVICE_FAMILY = "1,2";
				TEST_HOST = "$(BUILT_PRODUCTS_DIR)/EmployeeInformationManagement.app/$(BUNDLE_EXECUTABLE_FOLDER_PATH)/EmployeeInformationManagement";
			};
			name = Debug;
		};
		DD96F4232A20798000E13303 /* Release */ = {
			isa = XCBuildConfiguration;
			baseConfigurationReference = DC0E9ECD37936FFDCF71C796 /* Pods-EmployeeInformationManagementTests.release.xcconfig */;
			buildSettings = {
				ALWAYS_EMBED_SWIFT_STANDARD_LIBRARIES = YES;
				BUNDLE_LOADER = "$(TEST_HOST)";
				CODE_SIGN_STYLE = Automatic;
				CURRENT_PROJECT_VERSION = 1;
				DEVELOPMENT_TEAM = 95R956M9Y7;
				GENERATE_INFOPLIST_FILE = YES;
				IPHONEOS_DEPLOYMENT_TARGET = 16.1;
				MARKETING_VERSION = 1.0;
				PRODUCT_BUNDLE_IDENTIFIER = com.sample.EmployeeInformationManagementTests;
				PRODUCT_NAME = "$(TARGET_NAME)";
				SWIFT_EMIT_LOC_STRINGS = NO;
				SWIFT_VERSION = 5.0;
				TARGETED_DEVICE_FAMILY = "1,2";
				TEST_HOST = "$(BUILT_PRODUCTS_DIR)/EmployeeInformationManagement.app/$(BUNDLE_EXECUTABLE_FOLDER_PATH)/EmployeeInformationManagement";
			};
			name = Release;
		};
		DD96F4252A20798000E13303 /* Debug */ = {
			isa = XCBuildConfiguration;
			baseConfigurationReference = 7BD663FB23A1ACD1EA5023BB /* Pods-EmployeeInformationManagement-EmployeeInformationManagementUITests.debug.xcconfig */;
			buildSettings = {
				ALWAYS_EMBED_SWIFT_STANDARD_LIBRARIES = YES;
				CODE_SIGN_STYLE = Automatic;
				CURRENT_PROJECT_VERSION = 1;
				DEVELOPMENT_TEAM = 95R956M9Y7;
				GENERATE_INFOPLIST_FILE = YES;
				MARKETING_VERSION = 1.0;
				PRODUCT_BUNDLE_IDENTIFIER = com.sample.EmployeeInformationManagementUITests;
				PRODUCT_NAME = "$(TARGET_NAME)";
				SWIFT_EMIT_LOC_STRINGS = NO;
				SWIFT_VERSION = 5.0;
				TARGETED_DEVICE_FAMILY = "1,2";
				TEST_TARGET_NAME = EmployeeInformationManagement;
			};
			name = Debug;
		};
		DD96F4262A20798000E13303 /* Release */ = {
			isa = XCBuildConfiguration;
			baseConfigurationReference = 43FC0F580A448E6C2317C44A /* Pods-EmployeeInformationManagement-EmployeeInformationManagementUITests.release.xcconfig */;
			buildSettings = {
				ALWAYS_EMBED_SWIFT_STANDARD_LIBRARIES = YES;
				CODE_SIGN_STYLE = Automatic;
				CURRENT_PROJECT_VERSION = 1;
				DEVELOPMENT_TEAM = 95R956M9Y7;
				GENERATE_INFOPLIST_FILE = YES;
				MARKETING_VERSION = 1.0;
				PRODUCT_BUNDLE_IDENTIFIER = com.sample.EmployeeInformationManagementUITests;
				PRODUCT_NAME = "$(TARGET_NAME)";
				SWIFT_EMIT_LOC_STRINGS = NO;
				SWIFT_VERSION = 5.0;
				TARGETED_DEVICE_FAMILY = "1,2";
				TEST_TARGET_NAME = EmployeeInformationManagement;
			};
			name = Release;
		};
/* End XCBuildConfiguration section */

/* Begin XCConfigurationList section */
		DD96F3EF2A20797E00E13303 /* Build configuration list for PBXProject "EmployeeInformationManagement" */ = {
			isa = XCConfigurationList;
			buildConfigurations = (
				DD96F41C2A20798000E13303 /* Debug */,
				DD96F41D2A20798000E13303 /* Release */,
			);
			defaultConfigurationIsVisible = 0;
			defaultConfigurationName = Release;
		};
		DD96F41E2A20798000E13303 /* Build configuration list for PBXNativeTarget "EmployeeInformationManagement" */ = {
			isa = XCConfigurationList;
			buildConfigurations = (
				DD96F41F2A20798000E13303 /* Debug */,
				DD96F4202A20798000E13303 /* Release */,
			);
			defaultConfigurationIsVisible = 0;
			defaultConfigurationName = Release;
		};
		DD96F4212A20798000E13303 /* Build configuration list for PBXNativeTarget "EmployeeInformationManagementTests" */ = {
			isa = XCConfigurationList;
			buildConfigurations = (
				DD96F4222A20798000E13303 /* Debug */,
				DD96F4232A20798000E13303 /* Release */,
			);
			defaultConfigurationIsVisible = 0;
			defaultConfigurationName = Release;
		};
		DD96F4242A20798000E13303 /* Build configuration list for PBXNativeTarget "EmployeeInformationManagementUITests" */ = {
			isa = XCConfigurationList;
			buildConfigurations = (
				DD96F4252A20798000E13303 /* Debug */,
				DD96F4262A20798000E13303 /* Release */,
			);
			defaultConfigurationIsVisible = 0;
			defaultConfigurationName = Release;
		};
/* End XCConfigurationList section */
	};
	rootObject = DD96F3EC2A20797E00E13303 /* Project object */;
}
